
Microsoft Visual Studio Solution File, Format Version 12.00
# Visual Studio Version 16
VisualStudioVersion = 16.0.30204.135
MinimumVisualStudioVersion = 10.0.40219.1
Project("{9A19103F-16F7-4668-BE54-9A1E7A4F7556}") = "WebApplication1", "WebApplication1\WebApplication1.csproj", "{83489F0A-EB2C-4538-A346-5FADB7C19A40}"
EndProject
Project("{FAE04EC0-301F-11D3-BF4B-00C04F79EFBC}") = "WebApi_Client", "WebApi_Client\WebApi_Client.csproj", "{87048B05-739E-4F6B-814A-8D48AA895D8C}"
EndProject
Project("{FAE04EC0-301F-11D3-BF4B-00C04F79EFBC}") = "Utility", "Utility\Utility.csproj", "{39A10D2C-FD99-4A99-B46F-B0B5908F9B89}"
EndProject
Global
	GlobalSection(SolutionConfigurationPlatforms) = preSolution
		Debug|Any CPU = Debug|Any CPU
		Release|Any CPU = Release|Any CPU
	EndGlobalSection
	GlobalSection(ProjectConfigurationPlatforms) = postSolution
		{83489F0A-EB2C-4538-A346-5FADB7C19A40}.Debug|Any CPU.ActiveCfg = Debug|Any CPU
		{83489F0A-EB2C-4538-A346-5FADB7C19A40}.Debug|Any CPU.Build.0 = Debug|Any CPU
		{83489F0A-EB2C-4538-A346-5FADB7C19A40}.Release|Any CPU.ActiveCfg = Release|Any CPU
		{83489F0A-EB2C-4538-A346-5FADB7C19A40}.Release|Any CPU.Build.0 = Release|Any CPU
		{87048B05-739E-4F6B-814A-8D48AA895D8C}.Debug|Any CPU.ActiveCfg = Debug|Any CPU
		{87048B05-739E-4F6B-814A-8D48AA895D8C}.Debug|Any CPU.Build.0 = Debug|Any CPU
		{87048B05-739E-4F6B-814A-8D48AA895D8C}.Release|Any CPU.ActiveCfg = Release|Any CPU
		{87048B05-739E-4F6B-814A-8D48AA895D8C}.Release|Any CPU.Build.0 = Release|Any CPU
		{39A10D2C-FD99-4A99-B46F-B0B5908F9B89}.Debug|Any CPU.ActiveCfg = Debug|Any CPU
		{39A10D2C-FD99-4A99-B46F-B0B5908F9B89}.Debug|Any CPU.Build.0 = Debug|Any CPU
		{39A10D2C-FD99-4A99-B46F-B0B5908F9B89}.Release|Any CPU.ActiveCfg = Release|Any CPU
		{39A10D2C-FD99-4A99-B46F-B0B5908F9B89}.Release|Any CPU.Build.0 = Release|Any CPU
	EndGlobalSection
	GlobalSection(SolutionProperties) = preSolution
		HideSolutionNode = FALSE
	EndGlobalSection
	GlobalSection(ExtensibilityGlobals) = postSolution
		SolutionGuid = {C2F6BBA4-4C4E-422A-8753-A6CF74977318}
	EndGlobalSection
EndGlobal
