
Microsoft Visual Studio Solution File, Format Version 12.00
# Visual Studio Version 16
VisualStudioVersion = 16.0.30204.135
MinimumVisualStudioVersion = 10.0.40219.1
Project("{9A19103F-16F7-4668-BE54-9A1E7A4F7556}") = "MyWebAPI", "WebApplication1\MyWebAPI.csproj", "{83489F0A-EB2C-4538-A346-5FADB7C19A40}"
EndProject
Project("{FAE04EC0-301F-11D3-BF4B-00C04F79EFBC}") = "MyWebApi_Client_WPF", "WebApi_Client\MyWebApi_Client_WPF.csproj", "{87048B05-739E-4F6B-814A-8D48AA895D8C}"
EndProject
Project("{FAE04EC0-301F-11D3-BF4B-00C04F79EFBC}") = "Utility", "Utility\Utility.csproj", "{39A10D2C-FD99-4A99-B46F-B0B5908F9B89}"
EndProject
Project("{2150E333-8FDC-42A3-9474-1A3956D46DE8}") = "Msdn_WebAPISample", "Msdn_WebAPISample", "{1B741E0D-A621-46E1-8E17-3038B5AFE925}"
EndProject
Project("{FAE04EC0-301F-11D3-BF4B-00C04F79EFBC}") = "HttpClientSample", "HttpClientSample\HttpClientSample.csproj", "{6B82C0EF-FD41-41E4-BB0B-0A1A120B0A8B}"
EndProject
Project("{2150E333-8FDC-42A3-9474-1A3956D46DE8}") = "MSDN_SignalRWithJavascript_Sample", "MSDN_SignalRWithJavascript_Sample", "{A3C28696-2908-4113-96CA-769D38251E3C}"
EndProject
Project("{FAE04EC0-301F-11D3-BF4B-00C04F79EFBC}") = "SignalRChat", "SignalRChat\SignalRChat.csproj", "{14FA21C9-865E-4B23-8720-223F6E6C9796}"
EndProject
Project("{2150E333-8FDC-42A3-9474-1A3956D46DE8}") = "MSDN_SignalR_Blaor", "MSDN_SignalR_Blaor", "{B5517E74-751A-4DA5-9DFA-24AB72F0ED9D}"
EndProject
Project("{9A19103F-16F7-4668-BE54-9A1E7A4F7556}") = "BlazorSignalRApp.Server", "BlazorSignalRApp\Server\BlazorSignalRApp.Server.csproj", "{C03AAC0E-DC24-4174-BD89-428B206A5669}"
EndProject
Project("{9A19103F-16F7-4668-BE54-9A1E7A4F7556}") = "BlazorSignalRApp.Client", "BlazorSignalRApp\Client\BlazorSignalRApp.Client.csproj", "{C9F50B8A-BA30-431A-9879-AA0D000889D4}"
EndProject
Project("{9A19103F-16F7-4668-BE54-9A1E7A4F7556}") = "BlazorSignalRApp.Shared", "BlazorSignalRApp\Shared\BlazorSignalRApp.Shared.csproj", "{3A27085C-90F1-4F6F-B912-408EFE1C1BFE}"
EndProject
Project("{2150E333-8FDC-42A3-9474-1A3956D46DE8}") = "CSDN_Demo", "CSDN_Demo", "{612015DF-25D5-4043-B613-38ADA61356F8}"
EndProject
Project("{9A19103F-16F7-4668-BE54-9A1E7A4F7556}") = "BlazorWebAssemblyApp", "BlazorWebAssemblyApp\BlazorWebAssemblyApp.csproj", "{FB6643B6-925D-473D-A97B-9A1CC2F7C576}"
EndProject
Project("{9A19103F-16F7-4668-BE54-9A1E7A4F7556}") = "BlazorWebassemblyApisite", "BlazorWebassemblyApisite\BlazorWebassemblyApisite.csproj", "{48BE64DB-7824-41F5-983F-3A8752FA0B1E}"
EndProject
Project("{2150E333-8FDC-42A3-9474-1A3956D46DE8}") = "Mine", "Mine", "{030A7429-80E7-4F8E-AEAE-350A842F7BF4}"
EndProject
Project("{9A19103F-16F7-4668-BE54-9A1E7A4F7556}") = "MyBlazorWithWebAPI", "MyBlazorWithWebAPI\MyBlazorWithWebAPI.csproj", "{28D9C668-0024-4DB6-B08A-A2AF8D30264B}"
EndProject
Project("{9A19103F-16F7-4668-BE54-9A1E7A4F7556}") = "My.Share", "My.Share\My.Share.csproj", "{0DCDECFE-A272-400E-AE75-8B81111C56F4}"
EndProject
Global
	GlobalSection(SolutionConfigurationPlatforms) = preSolution
		Debug|Any CPU = Debug|Any CPU
		Release|Any CPU = Release|Any CPU
	EndGlobalSection
	GlobalSection(ProjectConfigurationPlatforms) = postSolution
		{83489F0A-EB2C-4538-A346-5FADB7C19A40}.Debug|Any CPU.ActiveCfg = Debug|Any CPU
		{83489F0A-EB2C-4538-A346-5FADB7C19A40}.Debug|Any CPU.Build.0 = Debug|Any CPU
		{83489F0A-EB2C-4538-A346-5FADB7C19A40}.Release|Any CPU.ActiveCfg = Release|Any CPU
		{83489F0A-EB2C-4538-A346-5FADB7C19A40}.Release|Any CPU.Build.0 = Release|Any CPU
		{87048B05-739E-4F6B-814A-8D48AA895D8C}.Debug|Any CPU.ActiveCfg = Debug|Any CPU
		{87048B05-739E-4F6B-814A-8D48AA895D8C}.Debug|Any CPU.Build.0 = Debug|Any CPU
		{87048B05-739E-4F6B-814A-8D48AA895D8C}.Release|Any CPU.ActiveCfg = Release|Any CPU
		{87048B05-739E-4F6B-814A-8D48AA895D8C}.Release|Any CPU.Build.0 = Release|Any CPU
		{39A10D2C-FD99-4A99-B46F-B0B5908F9B89}.Debug|Any CPU.ActiveCfg = Debug|Any CPU
		{39A10D2C-FD99-4A99-B46F-B0B5908F9B89}.Debug|Any CPU.Build.0 = Debug|Any CPU
		{39A10D2C-FD99-4A99-B46F-B0B5908F9B89}.Release|Any CPU.ActiveCfg = Release|Any CPU
		{39A10D2C-FD99-4A99-B46F-B0B5908F9B89}.Release|Any CPU.Build.0 = Release|Any CPU
		{6B82C0EF-FD41-41E4-BB0B-0A1A120B0A8B}.Debug|Any CPU.ActiveCfg = Debug|Any CPU
		{6B82C0EF-FD41-41E4-BB0B-0A1A120B0A8B}.Debug|Any CPU.Build.0 = Debug|Any CPU
		{6B82C0EF-FD41-41E4-BB0B-0A1A120B0A8B}.Release|Any CPU.ActiveCfg = Release|Any CPU
		{6B82C0EF-FD41-41E4-BB0B-0A1A120B0A8B}.Release|Any CPU.Build.0 = Release|Any CPU
		{14FA21C9-865E-4B23-8720-223F6E6C9796}.Debug|Any CPU.ActiveCfg = Debug|Any CPU
		{14FA21C9-865E-4B23-8720-223F6E6C9796}.Debug|Any CPU.Build.0 = Debug|Any CPU
		{14FA21C9-865E-4B23-8720-223F6E6C9796}.Release|Any CPU.ActiveCfg = Release|Any CPU
		{14FA21C9-865E-4B23-8720-223F6E6C9796}.Release|Any CPU.Build.0 = Release|Any CPU
		{C03AAC0E-DC24-4174-BD89-428B206A5669}.Debug|Any CPU.ActiveCfg = Debug|Any CPU
		{C03AAC0E-DC24-4174-BD89-428B206A5669}.Debug|Any CPU.Build.0 = Debug|Any CPU
		{C03AAC0E-DC24-4174-BD89-428B206A5669}.Release|Any CPU.ActiveCfg = Release|Any CPU
		{C03AAC0E-DC24-4174-BD89-428B206A5669}.Release|Any CPU.Build.0 = Release|Any CPU
		{C9F50B8A-BA30-431A-9879-AA0D000889D4}.Debug|Any CPU.ActiveCfg = Debug|Any CPU
		{C9F50B8A-BA30-431A-9879-AA0D000889D4}.Debug|Any CPU.Build.0 = Debug|Any CPU
		{C9F50B8A-BA30-431A-9879-AA0D000889D4}.Release|Any CPU.ActiveCfg = Release|Any CPU
		{C9F50B8A-BA30-431A-9879-AA0D000889D4}.Release|Any CPU.Build.0 = Release|Any CPU
		{3A27085C-90F1-4F6F-B912-408EFE1C1BFE}.Debug|Any CPU.ActiveCfg = Debug|Any CPU
		{3A27085C-90F1-4F6F-B912-408EFE1C1BFE}.Debug|Any CPU.Build.0 = Debug|Any CPU
		{3A27085C-90F1-4F6F-B912-408EFE1C1BFE}.Release|Any CPU.ActiveCfg = Release|Any CPU
		{3A27085C-90F1-4F6F-B912-408EFE1C1BFE}.Release|Any CPU.Build.0 = Release|Any CPU
		{FB6643B6-925D-473D-A97B-9A1CC2F7C576}.Debug|Any CPU.ActiveCfg = Debug|Any CPU
		{FB6643B6-925D-473D-A97B-9A1CC2F7C576}.Debug|Any CPU.Build.0 = Debug|Any CPU
		{FB6643B6-925D-473D-A97B-9A1CC2F7C576}.Release|Any CPU.ActiveCfg = Release|Any CPU
		{FB6643B6-925D-473D-A97B-9A1CC2F7C576}.Release|Any CPU.Build.0 = Release|Any CPU
		{48BE64DB-7824-41F5-983F-3A8752FA0B1E}.Debug|Any CPU.ActiveCfg = Debug|Any CPU
		{48BE64DB-7824-41F5-983F-3A8752FA0B1E}.Debug|Any CPU.Build.0 = Debug|Any CPU
		{48BE64DB-7824-41F5-983F-3A8752FA0B1E}.Release|Any CPU.ActiveCfg = Release|Any CPU
		{48BE64DB-7824-41F5-983F-3A8752FA0B1E}.Release|Any CPU.Build.0 = Release|Any CPU
		{28D9C668-0024-4DB6-B08A-A2AF8D30264B}.Debug|Any CPU.ActiveCfg = Debug|Any CPU
		{28D9C668-0024-4DB6-B08A-A2AF8D30264B}.Debug|Any CPU.Build.0 = Debug|Any CPU
		{28D9C668-0024-4DB6-B08A-A2AF8D30264B}.Release|Any CPU.ActiveCfg = Release|Any CPU
		{28D9C668-0024-4DB6-B08A-A2AF8D30264B}.Release|Any CPU.Build.0 = Release|Any CPU
		{0DCDECFE-A272-400E-AE75-8B81111C56F4}.Debug|Any CPU.ActiveCfg = Debug|Any CPU
		{0DCDECFE-A272-400E-AE75-8B81111C56F4}.Debug|Any CPU.Build.0 = Debug|Any CPU
		{0DCDECFE-A272-400E-AE75-8B81111C56F4}.Release|Any CPU.ActiveCfg = Release|Any CPU
		{0DCDECFE-A272-400E-AE75-8B81111C56F4}.Release|Any CPU.Build.0 = Release|Any CPU
	EndGlobalSection
	GlobalSection(SolutionProperties) = preSolution
		HideSolutionNode = FALSE
	EndGlobalSection
	GlobalSection(NestedProjects) = preSolution
		{83489F0A-EB2C-4538-A346-5FADB7C19A40} = {030A7429-80E7-4F8E-AEAE-350A842F7BF4}
		{87048B05-739E-4F6B-814A-8D48AA895D8C} = {030A7429-80E7-4F8E-AEAE-350A842F7BF4}
		{6B82C0EF-FD41-41E4-BB0B-0A1A120B0A8B} = {1B741E0D-A621-46E1-8E17-3038B5AFE925}
		{14FA21C9-865E-4B23-8720-223F6E6C9796} = {A3C28696-2908-4113-96CA-769D38251E3C}
		{C03AAC0E-DC24-4174-BD89-428B206A5669} = {B5517E74-751A-4DA5-9DFA-24AB72F0ED9D}
		{C9F50B8A-BA30-431A-9879-AA0D000889D4} = {B5517E74-751A-4DA5-9DFA-24AB72F0ED9D}
		{3A27085C-90F1-4F6F-B912-408EFE1C1BFE} = {B5517E74-751A-4DA5-9DFA-24AB72F0ED9D}
		{FB6643B6-925D-473D-A97B-9A1CC2F7C576} = {612015DF-25D5-4043-B613-38ADA61356F8}
		{48BE64DB-7824-41F5-983F-3A8752FA0B1E} = {612015DF-25D5-4043-B613-38ADA61356F8}
		{28D9C668-0024-4DB6-B08A-A2AF8D30264B} = {030A7429-80E7-4F8E-AEAE-350A842F7BF4}
		{0DCDECFE-A272-400E-AE75-8B81111C56F4} = {030A7429-80E7-4F8E-AEAE-350A842F7BF4}
	EndGlobalSection
	GlobalSection(ExtensibilityGlobals) = postSolution
		SolutionGuid = {C2F6BBA4-4C4E-422A-8753-A6CF74977318}
	EndGlobalSection
EndGlobal
